
Microsoft Visual Studio Solution File, Format Version 12.00
# Visual Studio 15
VisualStudioVersion = 15.0.28307.421
MinimumVisualStudioVersion = 10.0.40219.1
Project("{9A19103F-16F7-4668-BE54-9A1E7A4F7556}") = "Day02", "Day02\Day02.csproj", "{23DABC00-4C54-45F6-B71F-35B4199FCCC3}"
EndProject
Project("{9A19103F-16F7-4668-BE54-9A1E7A4F7556}") = "Day01", "Day01\Day01.csproj", "{97F9D766-A753-4952-A148-BC104F90457C}"
EndProject
Project("{9A19103F-16F7-4668-BE54-9A1E7A4F7556}") = "Day03", "Day03\Day03.csproj", "{6BEFDD27-AFEE-4197-A051-56777629FBC0}"
EndProject
Project("{9A19103F-16F7-4668-BE54-9A1E7A4F7556}") = "Day04", "Day04\Day04.csproj", "{E80110FD-EA70-4A25-8652-74C0DE4445B6}"
EndProject
Project("{9A19103F-16F7-4668-BE54-9A1E7A4F7556}") = "Day05", "Day05\Day05.csproj", "{DE05BFD9-56A3-4B56-93A0-B47AC0B96DB3}"
EndProject
Project("{9A19103F-16F7-4668-BE54-9A1E7A4F7556}") = "Day06", "Day06\Day06.csproj", "{F70A1C72-CCFC-44CC-A9DC-5B48C00DE767}"
EndProject
Project("{FAE04EC0-301F-11D3-BF4B-00C04F79EFBC}") = "Day07", "Day07\Day07.csproj", "{9C4072C1-6FBB-4ECB-AB12-8E65644669F0}"
EndProject
Project("{FAE04EC0-301F-11D3-BF4B-00C04F79EFBC}") = "Day08", "Day08\Day08.csproj", "{F074DA2C-728E-428F-A74C-40F376C64546}"
EndProject
Project("{FAE04EC0-301F-11D3-BF4B-00C04F79EFBC}") = "Day09", "Day09\Day09.csproj", "{9681CFA7-5581-4311-AAC0-9CB1B6C802F3}"
EndProject
Global
	GlobalSection(SolutionConfigurationPlatforms) = preSolution
		Debug|Any CPU = Debug|Any CPU
		Release|Any CPU = Release|Any CPU
	EndGlobalSection
	GlobalSection(ProjectConfigurationPlatforms) = postSolution
		{23DABC00-4C54-45F6-B71F-35B4199FCCC3}.Debug|Any CPU.ActiveCfg = Debug|Any CPU
		{23DABC00-4C54-45F6-B71F-35B4199FCCC3}.Debug|Any CPU.Build.0 = Debug|Any CPU
		{23DABC00-4C54-45F6-B71F-35B4199FCCC3}.Release|Any CPU.ActiveCfg = Release|Any CPU
		{23DABC00-4C54-45F6-B71F-35B4199FCCC3}.Release|Any CPU.Build.0 = Release|Any CPU
		{97F9D766-A753-4952-A148-BC104F90457C}.Debug|Any CPU.ActiveCfg = Debug|Any CPU
		{97F9D766-A753-4952-A148-BC104F90457C}.Debug|Any CPU.Build.0 = Debug|Any CPU
		{97F9D766-A753-4952-A148-BC104F90457C}.Release|Any CPU.ActiveCfg = Release|Any CPU
		{97F9D766-A753-4952-A148-BC104F90457C}.Release|Any CPU.Build.0 = Release|Any CPU
		{6BEFDD27-AFEE-4197-A051-56777629FBC0}.Debug|Any CPU.ActiveCfg = Debug|Any CPU
		{6BEFDD27-AFEE-4197-A051-56777629FBC0}.Debug|Any CPU.Build.0 = Debug|Any CPU
		{6BEFDD27-AFEE-4197-A051-56777629FBC0}.Release|Any CPU.ActiveCfg = Release|Any CPU
		{6BEFDD27-AFEE-4197-A051-56777629FBC0}.Release|Any CPU.Build.0 = Release|Any CPU
		{E80110FD-EA70-4A25-8652-74C0DE4445B6}.Debug|Any CPU.ActiveCfg = Debug|Any CPU
		{E80110FD-EA70-4A25-8652-74C0DE4445B6}.Debug|Any CPU.Build.0 = Debug|Any CPU
		{E80110FD-EA70-4A25-8652-74C0DE4445B6}.Release|Any CPU.ActiveCfg = Release|Any CPU
		{E80110FD-EA70-4A25-8652-74C0DE4445B6}.Release|Any CPU.Build.0 = Release|Any CPU
		{DE05BFD9-56A3-4B56-93A0-B47AC0B96DB3}.Debug|Any CPU.ActiveCfg = Debug|Any CPU
		{DE05BFD9-56A3-4B56-93A0-B47AC0B96DB3}.Debug|Any CPU.Build.0 = Debug|Any CPU
		{DE05BFD9-56A3-4B56-93A0-B47AC0B96DB3}.Release|Any CPU.ActiveCfg = Release|Any CPU
		{DE05BFD9-56A3-4B56-93A0-B47AC0B96DB3}.Release|Any CPU.Build.0 = Release|Any CPU
		{F70A1C72-CCFC-44CC-A9DC-5B48C00DE767}.Debug|Any CPU.ActiveCfg = Debug|Any CPU
		{F70A1C72-CCFC-44CC-A9DC-5B48C00DE767}.Debug|Any CPU.Build.0 = Debug|Any CPU
		{F70A1C72-CCFC-44CC-A9DC-5B48C00DE767}.Release|Any CPU.ActiveCfg = Release|Any CPU
		{F70A1C72-CCFC-44CC-A9DC-5B48C00DE767}.Release|Any CPU.Build.0 = Release|Any CPU
		{9C4072C1-6FBB-4ECB-AB12-8E65644669F0}.Debug|Any CPU.ActiveCfg = Debug|Any CPU
		{9C4072C1-6FBB-4ECB-AB12-8E65644669F0}.Debug|Any CPU.Build.0 = Debug|Any CPU
		{9C4072C1-6FBB-4ECB-AB12-8E65644669F0}.Release|Any CPU.ActiveCfg = Release|Any CPU
		{9C4072C1-6FBB-4ECB-AB12-8E65644669F0}.Release|Any CPU.Build.0 = Release|Any CPU
		{F074DA2C-728E-428F-A74C-40F376C64546}.Debug|Any CPU.ActiveCfg = Debug|Any CPU
		{F074DA2C-728E-428F-A74C-40F376C64546}.Debug|Any CPU.Build.0 = Debug|Any CPU
		{F074DA2C-728E-428F-A74C-40F376C64546}.Release|Any CPU.ActiveCfg = Release|Any CPU
		{F074DA2C-728E-428F-A74C-40F376C64546}.Release|Any CPU.Build.0 = Release|Any CPU
		{9681CFA7-5581-4311-AAC0-9CB1B6C802F3}.Debug|Any CPU.ActiveCfg = Debug|Any CPU
		{9681CFA7-5581-4311-AAC0-9CB1B6C802F3}.Debug|Any CPU.Build.0 = Debug|Any CPU
		{9681CFA7-5581-4311-AAC0-9CB1B6C802F3}.Release|Any CPU.ActiveCfg = Release|Any CPU
		{9681CFA7-5581-4311-AAC0-9CB1B6C802F3}.Release|Any CPU.Build.0 = Release|Any CPU
	EndGlobalSection
	GlobalSection(SolutionProperties) = preSolution
		HideSolutionNode = FALSE
	EndGlobalSection
	GlobalSection(ExtensibilityGlobals) = postSolution
		SolutionGuid = {C9E83E27-492D-4759-888C-C41C9DB2546F}
	EndGlobalSection
EndGlobal
