
Microsoft Visual Studio Solution File, Format Version 12.00
# Visual Studio 15
VisualStudioVersion = 15.0.28307.421
MinimumVisualStudioVersion = 10.0.40219.1
Project("{FAE04EC0-301F-11D3-BF4B-00C04F79EFBC}") = "AdventOfCode2019", "AdventOfCode2019\AdventOfCode2019.csproj", "{3EDB797F-807F-44D6-A191-0AE456AA815A}"
EndProject
Global
	GlobalSection(SolutionConfigurationPlatforms) = preSolution
		Debug|Any CPU = Debug|Any CPU
		Release|Any CPU = Release|Any CPU
	EndGlobalSection
	GlobalSection(ProjectConfigurationPlatforms) = postSolution
		{3EDB797F-807F-44D6-A191-0AE456AA815A}.Debug|Any CPU.ActiveCfg = Debug|Any CPU
		{3EDB797F-807F-44D6-A191-0AE456AA815A}.Debug|Any CPU.Build.0 = Debug|Any CPU
		{3EDB797F-807F-44D6-A191-0AE456AA815A}.Release|Any CPU.ActiveCfg = Release|Any CPU
		{3EDB797F-807F-44D6-A191-0AE456AA815A}.Release|Any CPU.Build.0 = Release|Any CPU
	EndGlobalSection
	GlobalSection(SolutionProperties) = preSolution
		HideSolutionNode = FALSE
	EndGlobalSection
	GlobalSection(ExtensibilityGlobals) = postSolution
		SolutionGuid = {C9E83E27-492D-4759-888C-C41C9DB2546F}
	EndGlobalSection
EndGlobal
